// !$*UTF8*$!
{
	archiveVersion = 1;
	classes = {
	};
	objectVersion = 50;
	objects = {

/* Begin PBXBuildFile section */
		07148E3A8A53CD823931C1B3 /* Pods_RxBasics.framework in Frameworks */ = {isa = PBXBuildFile; fileRef = 70E440336CFE762153B0F2F9 /* Pods_RxBasics.framework */; };
		BCF3E63B218FA29200EDF773 /* AppDelegate.swift in Sources */ = {isa = PBXBuildFile; fileRef = BCF3E63A218FA29200EDF773 /* AppDelegate.swift */; };
		BCF3E63D218FA29200EDF773 /* ViewController.swift in Sources */ = {isa = PBXBuildFile; fileRef = BCF3E63C218FA29200EDF773 /* ViewController.swift */; };
		BCF3E640218FA29200EDF773 /* Main.storyboard in Resources */ = {isa = PBXBuildFile; fileRef = BCF3E63E218FA29200EDF773 /* Main.storyboard */; };
		BCF3E642218FA29600EDF773 /* Assets.xcassets in Resources */ = {isa = PBXBuildFile; fileRef = BCF3E641218FA29600EDF773 /* Assets.xcassets */; };
		BCF3E645218FA29600EDF773 /* LaunchScreen.storyboard in Resources */ = {isa = PBXBuildFile; fileRef = BCF3E643218FA29600EDF773 /* LaunchScreen.storyboard */; };
/* End PBXBuildFile section */

/* Begin PBXFileReference section */
		70E440336CFE762153B0F2F9 /* Pods_RxBasics.framework */ = {isa = PBXFileReference; explicitFileType = wrapper.framework; includeInIndex = 0; path = Pods_RxBasics.framework; sourceTree = BUILT_PRODUCTS_DIR; };
		AB82A2E1835865788E880FAD /* Pods-RxBasics.release.xcconfig */ = {isa = PBXFileReference; includeInIndex = 1; lastKnownFileType = text.xcconfig; name = "Pods-RxBasics.release.xcconfig"; path = "Pods/Target Support Files/Pods-RxBasics/Pods-RxBasics.release.xcconfig"; sourceTree = "<group>"; };
		BC02EA5521971419000BDBE8 /* RxOperators.playground */ = {isa = PBXFileReference; lastKnownFileType = file.playground; path = RxOperators.playground; sourceTree = "<group>"; xcLanguageSpecificationIdentifier = xcode.lang.swift; };
		BC3EBFD6219228230067C789 /* RxSubjects.playground */ = {isa = PBXFileReference; lastKnownFileType = file.playground; path = RxSubjects.playground; sourceTree = "<group>"; xcLanguageSpecificationIdentifier = xcode.lang.swift; };
		BCF3E637218FA29200EDF773 /* RxBasics.app */ = {isa = PBXFileReference; explicitFileType = wrapper.application; includeInIndex = 0; path = RxBasics.app; sourceTree = BUILT_PRODUCTS_DIR; };
		BCF3E63A218FA29200EDF773 /* AppDelegate.swift */ = {isa = PBXFileReference; lastKnownFileType = sourcecode.swift; path = AppDelegate.swift; sourceTree = "<group>"; };
		BCF3E63C218FA29200EDF773 /* ViewController.swift */ = {isa = PBXFileReference; lastKnownFileType = sourcecode.swift; path = ViewController.swift; sourceTree = "<group>"; };
		BCF3E63F218FA29200EDF773 /* Base */ = {isa = PBXFileReference; lastKnownFileType = file.storyboard; name = Base; path = Base.lproj/Main.storyboard; sourceTree = "<group>"; };
		BCF3E641218FA29600EDF773 /* Assets.xcassets */ = {isa = PBXFileReference; lastKnownFileType = folder.assetcatalog; path = Assets.xcassets; sourceTree = "<group>"; };
		BCF3E644218FA29600EDF773 /* Base */ = {isa = PBXFileReference; lastKnownFileType = file.storyboard; name = Base; path = Base.lproj/LaunchScreen.storyboard; sourceTree = "<group>"; };
		BCF3E646218FA29600EDF773 /* Info.plist */ = {isa = PBXFileReference; lastKnownFileType = text.plist.xml; path = Info.plist; sourceTree = "<group>"; };
		BCF3E64C218FA39700EDF773 /* RxBasics.playground */ = {isa = PBXFileReference; lastKnownFileType = file.playground; path = RxBasics.playground; sourceTree = "<group>"; xcLanguageSpecificationIdentifier = xcode.lang.swift; };
		F2EF673BB5C3FD4888744BE6 /* Pods-RxBasics.debug.xcconfig */ = {isa = PBXFileReference; includeInIndex = 1; lastKnownFileType = text.xcconfig; name = "Pods-RxBasics.debug.xcconfig"; path = "Pods/Target Support Files/Pods-RxBasics/Pods-RxBasics.debug.xcconfig"; sourceTree = "<group>"; };
/* End PBXFileReference section */

/* Begin PBXFrameworksBuildPhase section */
		BCF3E634218FA29200EDF773 /* Frameworks */ = {
			isa = PBXFrameworksBuildPhase;
			buildActionMask = 2147483647;
			files = (
				07148E3A8A53CD823931C1B3 /* Pods_RxBasics.framework in Frameworks */,
			);
			runOnlyForDeploymentPostprocessing = 0;
		};
/* End PBXFrameworksBuildPhase section */

/* Begin PBXGroup section */
		403391DF574A4FD4336CCE59 /* Pods */ = {
			isa = PBXGroup;
			children = (
				F2EF673BB5C3FD4888744BE6 /* Pods-RxBasics.debug.xcconfig */,
				AB82A2E1835865788E880FAD /* Pods-RxBasics.release.xcconfig */,
			);
			name = Pods;
			sourceTree = "<group>";
		};
		5DDBC283429D1648E74D3652 /* Frameworks */ = {
			isa = PBXGroup;
			children = (
				70E440336CFE762153B0F2F9 /* Pods_RxBasics.framework */,
			);
			name = Frameworks;
			sourceTree = "<group>";
		};
		BCF3E62E218FA29100EDF773 = {
			isa = PBXGroup;
			children = (
				BCF3E639218FA29200EDF773 /* RxBasics */,
				BCF3E638218FA29200EDF773 /* Products */,
				403391DF574A4FD4336CCE59 /* Pods */,
				5DDBC283429D1648E74D3652 /* Frameworks */,
			);
			sourceTree = "<group>";
		};
		BCF3E638218FA29200EDF773 /* Products */ = {
			isa = PBXGroup;
			children = (
				BCF3E637218FA29200EDF773 /* RxBasics.app */,
			);
			name = Products;
			sourceTree = "<group>";
		};
		BCF3E639218FA29200EDF773 /* RxBasics */ = {
			isa = PBXGroup;
			children = (
				BCF3E63A218FA29200EDF773 /* AppDelegate.swift */,
				BCF3E63C218FA29200EDF773 /* ViewController.swift */,
				BCF3E63E218FA29200EDF773 /* Main.storyboard */,
				BCF3E641218FA29600EDF773 /* Assets.xcassets */,
				BCF3E643218FA29600EDF773 /* LaunchScreen.storyboard */,
				BCF3E646218FA29600EDF773 /* Info.plist */,
				BCF3E64C218FA39700EDF773 /* RxBasics.playground */,
				BC3EBFD6219228230067C789 /* RxSubjects.playground */,
				BC02EA5521971419000BDBE8 /* RxOperators.playground */,
			);
			path = RxBasics;
			sourceTree = "<group>";
		};
/* End PBXGroup section */

/* Begin PBXNativeTarget section */
		BCF3E636218FA29200EDF773 /* RxBasics */ = {
			isa = PBXNativeTarget;
			buildConfigurationList = BCF3E649218FA29600EDF773 /* Build configuration list for PBXNativeTarget "RxBasics" */;
			buildPhases = (
				4DD33497BA98A1767519589B /* [CP] Check Pods Manifest.lock */,
				BCF3E633218FA29200EDF773 /* Sources */,
				BCF3E634218FA29200EDF773 /* Frameworks */,
				BCF3E635218FA29200EDF773 /* Resources */,
				AE134AC72BD8DEDD6BBD1E99 /* [CP] Embed Pods Frameworks */,
			);
			buildRules = (
			);
			dependencies = (
			);
			name = RxBasics;
			productName = RxBasics;
			productReference = BCF3E637218FA29200EDF773 /* RxBasics.app */;
			productType = "com.apple.product-type.application";
		};
/* End PBXNativeTarget section */

/* Begin PBXProject section */
		BCF3E62F218FA29200EDF773 /* Project object */ = {
			isa = PBXProject;
			attributes = {
				LastSwiftUpdateCheck = 1000;
				LastUpgradeCheck = 1000;
				ORGANIZATIONNAME = KarimEbrahem;
				TargetAttributes = {
					BCF3E636218FA29200EDF773 = {
						CreatedOnToolsVersion = 10.0;
					};
				};
			};
			buildConfigurationList = BCF3E632218FA29200EDF773 /* Build configuration list for PBXProject "RxBasics" */;
			compatibilityVersion = "Xcode 9.3";
			developmentRegion = en;
			hasScannedForEncodings = 0;
			knownRegions = (
				en,
				Base,
			);
			mainGroup = BCF3E62E218FA29100EDF773;
			productRefGroup = BCF3E638218FA29200EDF773 /* Products */;
			projectDirPath = "";
			projectRoot = "";
			targets = (
				BCF3E636218FA29200EDF773 /* RxBasics */,
			);
		};
/* End PBXProject section */

/* Begin PBXResourcesBuildPhase section */
		BCF3E635218FA29200EDF773 /* Resources */ = {
			isa = PBXResourcesBuildPhase;
			buildActionMask = 2147483647;
			files = (
				BCF3E645218FA29600EDF773 /* LaunchScreen.storyboard in Resources */,
				BCF3E642218FA29600EDF773 /* Assets.xcassets in Resources */,
				BCF3E640218FA29200EDF773 /* Main.storyboard in Resources */,
			);
			runOnlyForDeploymentPostprocessing = 0;
		};
/* End PBXResourcesBuildPhase section */

/* Begin PBXShellScriptBuildPhase section */
		4DD33497BA98A1767519589B /* [CP] Check Pods Manifest.lock */ = {
			isa = PBXShellScriptBuildPhase;
			buildActionMask = 2147483647;
			files = (
			);
			inputFileListPaths = (
			);
			inputPaths = (
				"${PODS_PODFILE_DIR_PATH}/Podfile.lock",
				"${PODS_ROOT}/Manifest.lock",
			);
			name = "[CP] Check Pods Manifest.lock";
			outputFileListPaths = (
			);
			outputPaths = (
				"$(DERIVED_FILE_DIR)/Pods-RxBasics-checkManifestLockResult.txt",
			);
			runOnlyForDeploymentPostprocessing = 0;
			shellPath = /bin/sh;
			shellScript = "diff \"${PODS_PODFILE_DIR_PATH}/Podfile.lock\" \"${PODS_ROOT}/Manifest.lock\" > /dev/null\nif [ $? != 0 ] ; then\n    # print error to STDERR\n    echo \"error: The sandbox is not in sync with the Podfile.lock. Run 'pod install' or update your CocoaPods installation.\" >&2\n    exit 1\nfi\n# This output is used by Xcode 'outputs' to avoid re-running this script phase.\necho \"SUCCESS\" > \"${SCRIPT_OUTPUT_FILE_0}\"\n";
			showEnvVarsInLog = 0;
		};
		AE134AC72BD8DEDD6BBD1E99 /* [CP] Embed Pods Frameworks */ = {
			isa = PBXShellScriptBuildPhase;
			buildActionMask = 2147483647;
			files = (
			);
			inputFileListPaths = (
			);
			inputPaths = (
				"${SRCROOT}/Pods/Target Support Files/Pods-RxBasics/Pods-RxBasics-frameworks.sh",
				"${BUILT_PRODUCTS_DIR}/RxSwift/RxSwift.framework",
			);
			name = "[CP] Embed Pods Frameworks";
			outputFileListPaths = (
			);
			outputPaths = (
				"${TARGET_BUILD_DIR}/${FRAMEWORKS_FOLDER_PATH}/RxSwift.framework",
			);
			runOnlyForDeploymentPostprocessing = 0;
			shellPath = /bin/sh;
			shellScript = "\"${SRCROOT}/Pods/Target Support Files/Pods-RxBasics/Pods-RxBasics-frameworks.sh\"\n";
			showEnvVarsInLog = 0;
		};
/* End PBXShellScriptBuildPhase section */

/* Begin PBXSourcesBuildPhase section */
		BCF3E633218FA29200EDF773 /* Sources */ = {
			isa = PBXSourcesBuildPhase;
			buildActionMask = 2147483647;
			files = (
				BCF3E63D218FA29200EDF773 /* ViewController.swift in Sources */,
				BCF3E63B218FA29200EDF773 /* AppDelegate.swift in Sources */,
			);
			runOnlyForDeploymentPostprocessing = 0;
		};
/* End PBXSourcesBuildPhase section */

/* Begin PBXVariantGroup section */
		BCF3E63E218FA29200EDF773 /* Main.storyboard */ = {
			isa = PBXVariantGroup;
			children = (
				BCF3E63F218FA29200EDF773 /* Base */,
			);
			name = Main.storyboard;
			sourceTree = "<group>";
		};
		BCF3E643218FA29600EDF773 /* LaunchScreen.storyboard */ = {
			isa = PBXVariantGroup;
			children = (
				BCF3E644218FA29600EDF773 /* Base */,
			);
			name = LaunchScreen.storyboard;
			sourceTree = "<group>";
		};
/* End PBXVariantGroup section */

/* Begin XCBuildConfiguration section */
		BCF3E647218FA29600EDF773 /* Debug */ = {
			isa = XCBuildConfiguration;
			buildSettings = {
				ALWAYS_SEARCH_USER_PATHS = NO;
				CLANG_ANALYZER_NONNULL = YES;
				CLANG_ANALYZER_NUMBER_OBJECT_CONVERSION = YES_AGGRESSIVE;
				CLANG_CXX_LANGUAGE_STANDARD = "gnu++14";
				CLANG_CXX_LIBRARY = "libc++";
				CLANG_ENABLE_MODULES = YES;
				CLANG_ENABLE_OBJC_ARC = YES;
				CLANG_ENABLE_OBJC_WEAK = YES;
				CLANG_WARN_BLOCK_CAPTURE_AUTORELEASING = YES;
				CLANG_WARN_BOOL_CONVERSION = YES;
				CLANG_WARN_COMMA = YES;
				CLANG_WARN_CONSTANT_CONVERSION = YES;
				CLANG_WARN_DEPRECATED_OBJC_IMPLEMENTATIONS = YES;
				CLANG_WARN_DIRECT_OBJC_ISA_USAGE = YES_ERROR;
				CLANG_WARN_DOCUMENTATION_COMMENTS = YES;
				CLANG_WARN_EMPTY_BODY = YES;
				CLANG_WARN_ENUM_CONVERSION = YES;
				CLANG_WARN_INFINITE_RECURSION = YES;
				CLANG_WARN_INT_CONVERSION = YES;
				CLANG_WARN_NON_LITERAL_NULL_CONVERSION = YES;
				CLANG_WARN_OBJC_IMPLICIT_RETAIN_SELF = YES;
				CLANG_WARN_OBJC_LITERAL_CONVERSION = YES;
				CLANG_WARN_OBJC_ROOT_CLASS = YES_ERROR;
				CLANG_WARN_RANGE_LOOP_ANALYSIS = YES;
				CLANG_WARN_STRICT_PROTOTYPES = YES;
				CLANG_WARN_SUSPICIOUS_MOVE = YES;
				CLANG_WARN_UNGUARDED_AVAILABILITY = YES_AGGRESSIVE;
				CLANG_WARN_UNREACHABLE_CODE = YES;
				CLANG_WARN__DUPLICATE_METHOD_MATCH = YES;
				CODE_SIGN_IDENTITY = "iPhone Developer";
				COPY_PHASE_STRIP = NO;
				DEBUG_INFORMATION_FORMAT = dwarf;
				ENABLE_STRICT_OBJC_MSGSEND = YES;
				ENABLE_TESTABILITY = YES;
				GCC_C_LANGUAGE_STANDARD = gnu11;
				GCC_DYNAMIC_NO_PIC = NO;
				GCC_NO_COMMON_BLOCKS = YES;
				GCC_OPTIMIZATION_LEVEL = 0;
				GCC_PREPROCESSOR_DEFINITIONS = (
					"DEBUG=1",
					"$(inherited)",
				);
				GCC_WARN_64_TO_32_BIT_CONVERSION = YES;
				GCC_WARN_ABOUT_RETURN_TYPE = YES_ERROR;
				GCC_WARN_UNDECLARED_SELECTOR = YES;
				GCC_WARN_UNINITIALIZED_AUTOS = YES_AGGRESSIVE;
				GCC_WARN_UNUSED_FUNCTION = YES;
				GCC_WARN_UNUSED_VARIABLE = YES;
				IPHONEOS_DEPLOYMENT_TARGET = 12.0;
				MTL_ENABLE_DEBUG_INFO = INCLUDE_SOURCE;
				MTL_FAST_MATH = YES;
				ONLY_ACTIVE_ARCH = YES;
				SDKROOT = iphoneos;
				SWIFT_ACTIVE_COMPILATION_CONDITIONS = DEBUG;
				SWIFT_OPTIMIZATION_LEVEL = "-Onone";
			};
			name = Debug;
		};
		BCF3E648218FA29600EDF773 /* Release */ = {
			isa = XCBuildConfiguration;
			buildSettings = {
				ALWAYS_SEARCH_USER_PATHS = NO;
				CLANG_ANALYZER_NONNULL = YES;
				CLANG_ANALYZER_NUMBER_OBJECT_CONVERSION = YES_AGGRESSIVE;
				CLANG_CXX_LANGUAGE_STANDARD = "gnu++14";
				CLANG_CXX_LIBRARY = "libc++";
				CLANG_ENABLE_MODULES = YES;
				CLANG_ENABLE_OBJC_ARC = YES;
				CLANG_ENABLE_OBJC_WEAK = YES;
				CLANG_WARN_BLOCK_CAPTURE_AUTORELEASING = YES;
				CLANG_WARN_BOOL_CONVERSION = YES;
				CLANG_WARN_COMMA = YES;
				CLANG_WARN_CONSTANT_CONVERSION = YES;
				CLANG_WARN_DEPRECATED_OBJC_IMPLEMENTATIONS = YES;
				CLANG_WARN_DIRECT_OBJC_ISA_USAGE = YES_ERROR;
				CLANG_WARN_DOCUMENTATION_COMMENTS = YES;
				CLANG_WARN_EMPTY_BODY = YES;
				CLANG_WARN_ENUM_CONVERSION = YES;
				CLANG_WARN_INFINITE_RECURSION = YES;
				CLANG_WARN_INT_CONVERSION = YES;
				CLANG_WARN_NON_LITERAL_NULL_CONVERSION = YES;
				CLANG_WARN_OBJC_IMPLICIT_RETAIN_SELF = YES;
				CLANG_WARN_OBJC_LITERAL_CONVERSION = YES;
				CLANG_WARN_OBJC_ROOT_CLASS = YES_ERROR;
				CLANG_WARN_RANGE_LOOP_ANALYSIS = YES;
				CLANG_WARN_STRICT_PROTOTYPES = YES;
				CLANG_WARN_SUSPICIOUS_MOVE = YES;
				CLANG_WARN_UNGUARDED_AVAILABILITY = YES_AGGRESSIVE;
				CLANG_WARN_UNREACHABLE_CODE = YES;
				CLANG_WARN__DUPLICATE_METHOD_MATCH = YES;
				CODE_SIGN_IDENTITY = "iPhone Developer";
				COPY_PHASE_STRIP = NO;
				DEBUG_INFORMATION_FORMAT = "dwarf-with-dsym";
				ENABLE_NS_ASSERTIONS = NO;
				ENABLE_STRICT_OBJC_MSGSEND = YES;
				GCC_C_LANGUAGE_STANDARD = gnu11;
				GCC_NO_COMMON_BLOCKS = YES;
				GCC_WARN_64_TO_32_BIT_CONVERSION = YES;
				GCC_WARN_ABOUT_RETURN_TYPE = YES_ERROR;
				GCC_WARN_UNDECLARED_SELECTOR = YES;
				GCC_WARN_UNINITIALIZED_AUTOS = YES_AGGRESSIVE;
				GCC_WARN_UNUSED_FUNCTION = YES;
				GCC_WARN_UNUSED_VARIABLE = YES;
				IPHONEOS_DEPLOYMENT_TARGET = 12.0;
				MTL_ENABLE_DEBUG_INFO = NO;
				MTL_FAST_MATH = YES;
				SDKROOT = iphoneos;
				SWIFT_COMPILATION_MODE = wholemodule;
				SWIFT_OPTIMIZATION_LEVEL = "-O";
				VALIDATE_PRODUCT = YES;
			};
			name = Release;
		};
		BCF3E64A218FA29600EDF773 /* Debug */ = {
			isa = XCBuildConfiguration;
			baseConfigurationReference = F2EF673BB5C3FD4888744BE6 /* Pods-RxBasics.debug.xcconfig */;
			buildSettings = {
				ASSETCATALOG_COMPILER_APPICON_NAME = AppIcon;
				CODE_SIGN_STYLE = Automatic;
				INFOPLIST_FILE = RxBasics/Info.plist;
				LD_RUNPATH_SEARCH_PATHS = (
					"$(inherited)",
					"@executable_path/Frameworks",
				);
				PRODUCT_BUNDLE_IDENTIFIER = com.KarimEbrahem.RxBasics;
				PRODUCT_NAME = "$(TARGET_NAME)";
				SWIFT_VERSION = 4.2;
				TARGETED_DEVICE_FAMILY = "1,2";
			};
			name = Debug;
		};
		BCF3E64B218FA29600EDF773 /* Release */ = {
			isa = XCBuildConfiguration;
			baseConfigurationReference = AB82A2E1835865788E880FAD /* Pods-RxBasics.release.xcconfig */;
			buildSettings = {
				ASSETCATALOG_COMPILER_APPICON_NAME = AppIcon;
				CODE_SIGN_STYLE = Automatic;
				INFOPLIST_FILE = RxBasics/Info.plist;
				LD_RUNPATH_SEARCH_PATHS = (
					"$(inherited)",
					"@executable_path/Frameworks",
				);
				PRODUCT_BUNDLE_IDENTIFIER = com.KarimEbrahem.RxBasics;
				PRODUCT_NAME = "$(TARGET_NAME)";
				SWIFT_VERSION = 4.2;
				TARGETED_DEVICE_FAMILY = "1,2";
			};
			name = Release;
		};
/* End XCBuildConfiguration section */

/* Begin XCConfigurationList section */
		BCF3E632218FA29200EDF773 /* Build configuration list for PBXProject "RxBasics" */ = {
			isa = XCConfigurationList;
			buildConfigurations = (
				BCF3E647218FA29600EDF773 /* Debug */,
				BCF3E648218FA29600EDF773 /* Release */,
			);
			defaultConfigurationIsVisible = 0;
			defaultConfigurationName = Release;
		};
		BCF3E649218FA29600EDF773 /* Build configuration list for PBXNativeTarget "RxBasics" */ = {
			isa = XCConfigurationList;
			buildConfigurations = (
				BCF3E64A218FA29600EDF773 /* Debug */,
				BCF3E64B218FA29600EDF773 /* Release */,
			);
			defaultConfigurationIsVisible = 0;
			defaultConfigurationName = Release;
		};
/* End XCConfigurationList section */
	};
	rootObject = BCF3E62F218FA29200EDF773 /* Project object */;
}
